
Microsoft Visual Studio Solution File, Format Version 12.00
# Visual Studio 15
VisualStudioVersion = 15.0.26730.12
MinimumVisualStudioVersion = 10.0.40219.1
Project("{FAE04EC0-301F-11D3-BF4B-00C04F79EFBC}") = "Game of Life", "Game of Life\Game of Life.csproj", "{FACD42FF-8168-4781-8885-5937FAFCFB8A}"
EndProject
Global
	GlobalSection(SolutionConfigurationPlatforms) = preSolution
		Debug|Any CPU = Debug|Any CPU
		Release|Any CPU = Release|Any CPU
	EndGlobalSection
	GlobalSection(ProjectConfigurationPlatforms) = postSolution
		{FACD42FF-8168-4781-8885-5937FAFCFB8A}.Debug|Any CPU.ActiveCfg = Debug|Any CPU
		{FACD42FF-8168-4781-8885-5937FAFCFB8A}.Debug|Any CPU.Build.0 = Debug|Any CPU
		{FACD42FF-8168-4781-8885-5937FAFCFB8A}.Release|Any CPU.ActiveCfg = Release|Any CPU
		{FACD42FF-8168-4781-8885-5937FAFCFB8A}.Release|Any CPU.Build.0 = Release|Any CPU
	EndGlobalSection
	GlobalSection(SolutionProperties) = preSolution
		HideSolutionNode = FALSE
	EndGlobalSection
	GlobalSection(ExtensibilityGlobals) = postSolution
		SolutionGuid = {E5792D16-52C6-4832-8479-52D24459A4B5}
	EndGlobalSection
EndGlobal
